
Microsoft Visual Studio Solution File, Format Version 12.00
# Visual Studio Version 16
VisualStudioVersion = 16.0.29411.108
MinimumVisualStudioVersion = 10.0.40219.1
Project("{FAE04EC0-301F-11D3-BF4B-00C04F79EFBC}") = "GrpcService.Orders", "GrpcService.Orders\GrpcService.Orders.csproj", "{A6F3A14B-2934-4148-A7BF-D77140995B34}"
EndProject
Project("{FAE04EC0-301F-11D3-BF4B-00C04F79EFBC}") = "GrpcService.Orders.Client", "GrpcService.Orders.Client\GrpcService.Orders.Client.csproj", "{F6DAC49D-21FC-4211-B1C7-13D4104359DC}"
EndProject
Project("{FAE04EC0-301F-11D3-BF4B-00C04F79EFBC}") = "GrpcService.Orders.Api", "GrpcService.Orders.Api\GrpcService.Orders.Api.csproj", "{B91D67B9-72E0-4EBD-B01D-933A151188B1}"
EndProject
Global
	GlobalSection(SolutionConfigurationPlatforms) = preSolution
		Debug|Any CPU = Debug|Any CPU
		Release|Any CPU = Release|Any CPU
	EndGlobalSection
	GlobalSection(ProjectConfigurationPlatforms) = postSolution
		{A6F3A14B-2934-4148-A7BF-D77140995B34}.Debug|Any CPU.ActiveCfg = Debug|Any CPU
		{A6F3A14B-2934-4148-A7BF-D77140995B34}.Debug|Any CPU.Build.0 = Debug|Any CPU
		{A6F3A14B-2934-4148-A7BF-D77140995B34}.Release|Any CPU.ActiveCfg = Release|Any CPU
		{A6F3A14B-2934-4148-A7BF-D77140995B34}.Release|Any CPU.Build.0 = Release|Any CPU
		{F6DAC49D-21FC-4211-B1C7-13D4104359DC}.Debug|Any CPU.ActiveCfg = Debug|Any CPU
		{F6DAC49D-21FC-4211-B1C7-13D4104359DC}.Debug|Any CPU.Build.0 = Debug|Any CPU
		{F6DAC49D-21FC-4211-B1C7-13D4104359DC}.Release|Any CPU.ActiveCfg = Release|Any CPU
		{F6DAC49D-21FC-4211-B1C7-13D4104359DC}.Release|Any CPU.Build.0 = Release|Any CPU
		{B91D67B9-72E0-4EBD-B01D-933A151188B1}.Debug|Any CPU.ActiveCfg = Debug|Any CPU
		{B91D67B9-72E0-4EBD-B01D-933A151188B1}.Debug|Any CPU.Build.0 = Debug|Any CPU
		{B91D67B9-72E0-4EBD-B01D-933A151188B1}.Release|Any CPU.ActiveCfg = Release|Any CPU
		{B91D67B9-72E0-4EBD-B01D-933A151188B1}.Release|Any CPU.Build.0 = Release|Any CPU
	EndGlobalSection
	GlobalSection(SolutionProperties) = preSolution
		HideSolutionNode = FALSE
	EndGlobalSection
	GlobalSection(ExtensibilityGlobals) = postSolution
		SolutionGuid = {1BBB2606-A004-44D4-A7B9-108BC8F4DFB0}
	EndGlobalSection
EndGlobal
